<Solution>
  <Folder Name="/Solution Items/">
    <File Path=".editorconfig" />
    <File Path="Create-Package.ps1" />
    <File Path="Directory.Build.props" />
    <File Path="Directory.Build.targets" />
    <File Path="README.md" />
  </Folder>
  <Project Path="ServersideQoL.AutoStore/ServersideQoL.AutoStore.csproj" />
  <Project Path="ServersideQoL.CodeAnalysis.Tests/ServersideQoL.CodeAnalysis.Tests.csproj" />
  <Project Path="ServersideQoL.CodeAnalysis/ServersideQoL.CodeAnalysis.csproj" />
  <Project Path="ServersideQoL.ContainerSigns/ServersideQoL.ContainerSigns.csproj" Id="a404522a-e98d-4ec1-aa75-185d843ec8b3" />
  <Project Path="ServersideQoL.Patchers/ServersideQoL.Patchers.csproj" Id="eec6258e-f364-4478-99d2-6fb6a80cd729" />
  <Project Path="ServersideQoL.Signs/ServersideQoL.Signs.csproj" />
  <Project Path="ServersideQoL/ServersideQoL.csproj" />
</Solution>
