<Solution>
  <Folder Name="/Solution Items/">
    <File Path=".editorconfig" />
    <File Path="Create-Package.ps1" />
    <File Path="Directory.Build.props" />
    <File Path="Directory.Build.targets" />
    <File Path="README.md" />
  </Folder>
  <Project Path="ServersideQoL.AutoMapTables/ServersideQoL.AutoMapTables.csproj" Id="38c95f02-d7c5-47ee-b2a8-4aa2acb68476" />
  <Project Path="ServersideQoL.AutoPortalHub/ServersideQoL.AutoPortalHub.csproj" Id="ab7c0d3b-3b85-4b50-915c-cbd13f14468c" />
  <Project Path="ServersideQoL.AutoProcess/ServersideQoL.AutoProcess.csproj" Id="38ff161d-64b2-4815-9f7f-5e7323a9c7cd" />
  <Project Path="ServersideQoL.AutoStore/ServersideQoL.AutoStore.csproj" />
  <Project Path="ServersideQoL.CodeAnalysis.Tests/ServersideQoL.CodeAnalysis.Tests.csproj" />
  <Project Path="ServersideQoL.CodeAnalysis/ServersideQoL.CodeAnalysis.csproj" />
  <Project Path="ServersideQoL.ContainerSigns/ServersideQoL.ContainerSigns.csproj" Id="a404522a-e98d-4ec1-aa75-185d843ec8b3" />
  <Project Path="ServersideQoL.ContainerSizes/ServersideQoL.ContainerSizes.csproj" Id="ca153c80-1a24-44c7-bd3b-47e6418fdb86" />
  <Project Path="ServersideQoL.CreatureLevelUp/ServersideQoL.CreatureLevelUp.csproj" Id="f2a68859-193c-48ad-8e71-fef209376160" />
  <Project Path="ServersideQoL.Patchers/ServersideQoL.Patchers.csproj" Id="eec6258e-f364-4478-99d2-6fb6a80cd729" />
  <Project Path="ServersideQoL.Player/ServersideQoL.Player.csproj" Id="75cbd1e3-f114-462c-9c56-cb93a51d2d29" />
  <Project Path="ServersideQoL.PrefabConfigurator/ServersideQoL.PrefabConfigurator.csproj" Id="06cc4b4e-b03b-4f98-9673-a8ea9405fc0d" />
  <Project Path="ServersideQoL.Signs/ServersideQoL.Signs.csproj" />
  <Project Path="ServersideQoL/ServersideQoL.csproj" />
</Solution>
