
Microsoft Visual Studio Solution File, Format Version 12.00
# Visual Studio Version 17
VisualStudioVersion = 17.13.35825.156
MinimumVisualStudioVersion = 10.0.40219.1
Project("{FAE04EC0-301F-11D3-BF4B-00C04F79EFBC}") = "Valheim.ServersideQoL", "ValheimServersideQoL\Valheim.ServersideQoL.csproj", "{8B9E5B6F-086C-2614-A9AB-341255860B89}"
EndProject
Project("{FAE04EC0-301F-11D3-BF4B-00C04F79EFBC}") = "Valheim.ServersideQoL.YamlDotNet", "ValheimServersideQoL.YamlDotNet\YamlDotNet\Valheim.ServersideQoL.YamlDotNet.csproj", "{7AD15CF7-D0FE-A315-8009-B16FE2A5C7CA}"
EndProject
Project("{FAE04EC0-301F-11D3-BF4B-00C04F79EFBC}") = "Valheim.ServersideQoL.CodeAnalysis", "ValheimServersideQoL.CodeAnalysis\Valheim.ServersideQoL.CodeAnalysis.csproj", "{06C1FA84-3BF6-4ADC-9435-A449AA355DF5}"
EndProject
Project("{FAE04EC0-301F-11D3-BF4B-00C04F79EFBC}") = "Valheim.ServersideQoL.CodeAnalysis.Tests", "ValheimServersideQoL.CodeAnalysis.Tests\Valheim.ServersideQoL.CodeAnalysis.Tests.csproj", "{23F6DFDD-5CD6-44CF-89C9-66C7299A747C}"
EndProject
Global
	GlobalSection(SolutionConfigurationPlatforms) = preSolution
		Debug|Any CPU = Debug|Any CPU
		Release|Any CPU = Release|Any CPU
	EndGlobalSection
	GlobalSection(ProjectConfigurationPlatforms) = postSolution
		{8B9E5B6F-086C-2614-A9AB-341255860B89}.Debug|Any CPU.ActiveCfg = Debug|Any CPU
		{8B9E5B6F-086C-2614-A9AB-341255860B89}.Debug|Any CPU.Build.0 = Debug|Any CPU
		{8B9E5B6F-086C-2614-A9AB-341255860B89}.Release|Any CPU.ActiveCfg = Release|Any CPU
		{8B9E5B6F-086C-2614-A9AB-341255860B89}.Release|Any CPU.Build.0 = Release|Any CPU
		{7AD15CF7-D0FE-A315-8009-B16FE2A5C7CA}.Debug|Any CPU.ActiveCfg = Debug|Any CPU
		{7AD15CF7-D0FE-A315-8009-B16FE2A5C7CA}.Debug|Any CPU.Build.0 = Debug|Any CPU
		{7AD15CF7-D0FE-A315-8009-B16FE2A5C7CA}.Release|Any CPU.ActiveCfg = Release|Any CPU
		{7AD15CF7-D0FE-A315-8009-B16FE2A5C7CA}.Release|Any CPU.Build.0 = Release|Any CPU
		{06C1FA84-3BF6-4ADC-9435-A449AA355DF5}.Debug|Any CPU.ActiveCfg = Debug|Any CPU
		{06C1FA84-3BF6-4ADC-9435-A449AA355DF5}.Debug|Any CPU.Build.0 = Debug|Any CPU
		{06C1FA84-3BF6-4ADC-9435-A449AA355DF5}.Release|Any CPU.ActiveCfg = Release|Any CPU
		{06C1FA84-3BF6-4ADC-9435-A449AA355DF5}.Release|Any CPU.Build.0 = Release|Any CPU
		{23F6DFDD-5CD6-44CF-89C9-66C7299A747C}.Debug|Any CPU.ActiveCfg = Debug|Any CPU
		{23F6DFDD-5CD6-44CF-89C9-66C7299A747C}.Debug|Any CPU.Build.0 = Debug|Any CPU
		{23F6DFDD-5CD6-44CF-89C9-66C7299A747C}.Release|Any CPU.ActiveCfg = Release|Any CPU
		{23F6DFDD-5CD6-44CF-89C9-66C7299A747C}.Release|Any CPU.Build.0 = Release|Any CPU
	EndGlobalSection
	GlobalSection(SolutionProperties) = preSolution
		HideSolutionNode = FALSE
	EndGlobalSection
	GlobalSection(ExtensibilityGlobals) = postSolution
		SolutionGuid = {428B4E27-AC96-4ED5-B9F4-4953F28CD785}
	EndGlobalSection
EndGlobal
